
Microsoft Visual Studio Solution File, Format Version 12.00
# Visual Studio Version 16
VisualStudioVersion = 16.0.31624.102
MinimumVisualStudioVersion = 10.0.40219.1
Project("{9A19103F-16F7-4668-BE54-9A1E7A4F7556}") = "01.Shapes", "01.Shapes\01.Shapes.csproj", "{DF89CDDB-E9EF-435F-84D3-D22B1FD8B85F}"
EndProject
Project("{FAE04EC0-301F-11D3-BF4B-00C04F79EFBC}") = "02.Cars", "02.Cars\02.Cars.csproj", "{B2605EDD-DB61-4481-94BB-141DD7E52765}"
EndProject
Global
	GlobalSection(SolutionConfigurationPlatforms) = preSolution
		Debug|Any CPU = Debug|Any CPU
		Release|Any CPU = Release|Any CPU
	EndGlobalSection
	GlobalSection(ProjectConfigurationPlatforms) = postSolution
		{DF89CDDB-E9EF-435F-84D3-D22B1FD8B85F}.Debug|Any CPU.ActiveCfg = Debug|Any CPU
		{DF89CDDB-E9EF-435F-84D3-D22B1FD8B85F}.Debug|Any CPU.Build.0 = Debug|Any CPU
		{DF89CDDB-E9EF-435F-84D3-D22B1FD8B85F}.Release|Any CPU.ActiveCfg = Release|Any CPU
		{DF89CDDB-E9EF-435F-84D3-D22B1FD8B85F}.Release|Any CPU.Build.0 = Release|Any CPU
		{B2605EDD-DB61-4481-94BB-141DD7E52765}.Debug|Any CPU.ActiveCfg = Debug|Any CPU
		{B2605EDD-DB61-4481-94BB-141DD7E52765}.Debug|Any CPU.Build.0 = Debug|Any CPU
		{B2605EDD-DB61-4481-94BB-141DD7E52765}.Release|Any CPU.ActiveCfg = Release|Any CPU
		{B2605EDD-DB61-4481-94BB-141DD7E52765}.Release|Any CPU.Build.0 = Release|Any CPU
	EndGlobalSection
	GlobalSection(SolutionProperties) = preSolution
		HideSolutionNode = FALSE
	EndGlobalSection
	GlobalSection(ExtensibilityGlobals) = postSolution
		SolutionGuid = {3B18D9FD-EFD0-46B0-B45F-05ADD930E545}
	EndGlobalSection
EndGlobal
